# THIS IS AN AUTOGENERATED FILE. DO NOT EDIT THIS FILE DIRECTLY.
# yarn lockfile v1


commander@^2.9.0:
  version "2.19.0"
  resolved "https://registry.yarnpkg.com/commander/-/commander-2.19.0.tgz#f6198aa84e5b83c46054b94ddedbfed5ee9ff12a"

devise@^1.0.9:
  version "1.0.9"
  resolved "https://registry.yarnpkg.com/devise/-/devise-1.0.9.tgz#18efb2d1f53c618ed16aed37975742acece8723e"
  dependencies:
    commander "^2.9.0"
